
Microsoft Visual Studio Solution File, Format Version 12.00
# Visual Studio Version 16
VisualStudioVersion = 16.0.29411.108
MinimumVisualStudioVersion = 10.0.40219.1
Project("{FAE04EC0-301F-11D3-BF4B-00C04F79EFBC}") = "WebAppSvc.Web", "WebAppSvc.Web\WebAppSvc.Web.csproj", "{B0C6918B-6900-400E-AD58-F37DB7278885}"
EndProject
Project("{FAE04EC0-301F-11D3-BF4B-00C04F79EFBC}") = "WebAppSvc.WinService", "WebAppSvc.WinService\WebAppSvc.WinService.csproj", "{6F43814D-F0A8-426C-84F7-121E831E7B08}"
EndProject
Global
	GlobalSection(SolutionConfigurationPlatforms) = preSolution
		Debug|Any CPU = Debug|Any CPU
		Release|Any CPU = Release|Any CPU
	EndGlobalSection
	GlobalSection(ProjectConfigurationPlatforms) = postSolution
		{B0C6918B-6900-400E-AD58-F37DB7278885}.Debug|Any CPU.ActiveCfg = Debug|Any CPU
		{B0C6918B-6900-400E-AD58-F37DB7278885}.Debug|Any CPU.Build.0 = Debug|Any CPU
		{B0C6918B-6900-400E-AD58-F37DB7278885}.Release|Any CPU.ActiveCfg = Release|Any CPU
		{B0C6918B-6900-400E-AD58-F37DB7278885}.Release|Any CPU.Build.0 = Release|Any CPU
		{6F43814D-F0A8-426C-84F7-121E831E7B08}.Debug|Any CPU.ActiveCfg = Debug|Any CPU
		{6F43814D-F0A8-426C-84F7-121E831E7B08}.Debug|Any CPU.Build.0 = Debug|Any CPU
		{6F43814D-F0A8-426C-84F7-121E831E7B08}.Release|Any CPU.ActiveCfg = Release|Any CPU
		{6F43814D-F0A8-426C-84F7-121E831E7B08}.Release|Any CPU.Build.0 = Release|Any CPU
	EndGlobalSection
	GlobalSection(SolutionProperties) = preSolution
		HideSolutionNode = FALSE
	EndGlobalSection
	GlobalSection(ExtensibilityGlobals) = postSolution
		SolutionGuid = {B3C2400E-AC60-477C-8699-EF5B22B3F341}
	EndGlobalSection
EndGlobal
